
Microsoft Visual Studio Solution File, Format Version 12.00
# Visual Studio Version 17
VisualStudioVersion = 17.9.34701.34
MinimumVisualStudioVersion = 10.0.40219.1
Project("{FAE04EC0-301F-11D3-BF4B-00C04F79EFBC}") = "exercise", "exercise.csproj", "{80C5B604-E51C-422A-A2FD-053FD693820B}"
EndProject
Global
	GlobalSection(SolutionConfigurationPlatforms) = preSolution
		Debug|Any CPU = Debug|Any CPU
		Release|Any CPU = Release|Any CPU
	EndGlobalSection
	GlobalSection(ProjectConfigurationPlatforms) = postSolution
		{80C5B604-E51C-422A-A2FD-053FD693820B}.Debug|Any CPU.ActiveCfg = Debug|Any CPU
		{80C5B604-E51C-422A-A2FD-053FD693820B}.Debug|Any CPU.Build.0 = Debug|Any CPU
		{80C5B604-E51C-422A-A2FD-053FD693820B}.Release|Any CPU.ActiveCfg = Release|Any CPU
		{80C5B604-E51C-422A-A2FD-053FD693820B}.Release|Any CPU.Build.0 = Release|Any CPU
	EndGlobalSection
	GlobalSection(SolutionProperties) = preSolution
		HideSolutionNode = FALSE
	EndGlobalSection
	GlobalSection(ExtensibilityGlobals) = postSolution
		SolutionGuid = {EB6D598A-3738-4B06-9E52-62E981C08F53}
	EndGlobalSection
EndGlobal
